Microsoft Visual Studio Solution File, Format Version 12.00
# Visual Studio Version 17
VisualStudioVersion = 17.5.2.0
MinimumVisualStudioVersion = 10.0.40219.1
Project("{FAE04EC0-301F-11D3-BF4B-00C04F79EFBC}") = "CoffeeShop", "CoffeeShop.csproj", "{89211669-A013-DB4E-9FFD-8A191BA34060}"
EndProject
Global
	GlobalSection(SolutionConfigurationPlatforms) = preSolution
		Debug|Any CPU = Debug|Any CPU
		Release|Any CPU = Release|Any CPU
	EndGlobalSection
	GlobalSection(ProjectConfigurationPlatforms) = postSolution
		{89211669-A013-DB4E-9FFD-8A191BA34060}.Debug|Any CPU.ActiveCfg = Debug|Any CPU
		{89211669-A013-DB4E-9FFD-8A191BA34060}.Debug|Any CPU.Build.0 = Debug|Any CPU
		{89211669-A013-DB4E-9FFD-8A191BA34060}.Release|Any CPU.ActiveCfg = Release|Any CPU
		{89211669-A013-DB4E-9FFD-8A191BA34060}.Release|Any CPU.Build.0 = Release|Any CPU
	EndGlobalSection
	GlobalSection(SolutionProperties) = preSolution
		HideSolutionNode = FALSE
	EndGlobalSection
	GlobalSection(ExtensibilityGlobals) = postSolution
		SolutionGuid = {4CCD3533-B34D-475F-989F-6C46C7615A36}
	EndGlobalSection
EndGlobal
